
Microsoft Visual Studio Solution File, Format Version 12.00
# Visual Studio Version 16
VisualStudioVersion = 16.0.30804.86
MinimumVisualStudioVersion = 10.0.40219.1
Project("{F184B08F-C81C-45F6-A57F-5ABD9991F28F}") = "Ejercicio Resolucion", "Plantilla Formulario\Ejercicio Resolucion.vbproj", "{93BED494-6FE9-43F5-9098-FE65EBCFA611}"
EndProject
Global
	GlobalSection(SolutionConfigurationPlatforms) = preSolution
		Debug|Any CPU = Debug|Any CPU
		Release|Any CPU = Release|Any CPU
	EndGlobalSection
	GlobalSection(ProjectConfigurationPlatforms) = postSolution
		{93BED494-6FE9-43F5-9098-FE65EBCFA611}.Debug|Any CPU.ActiveCfg = Debug|Any CPU
		{93BED494-6FE9-43F5-9098-FE65EBCFA611}.Debug|Any CPU.Build.0 = Debug|Any CPU
		{93BED494-6FE9-43F5-9098-FE65EBCFA611}.Release|Any CPU.ActiveCfg = Release|Any CPU
		{93BED494-6FE9-43F5-9098-FE65EBCFA611}.Release|Any CPU.Build.0 = Release|Any CPU
	EndGlobalSection
	GlobalSection(SolutionProperties) = preSolution
		HideSolutionNode = FALSE
	EndGlobalSection
	GlobalSection(ExtensibilityGlobals) = postSolution
		SolutionGuid = {1723C255-FB7E-4C86-99C2-C0C925609662}
	EndGlobalSection
EndGlobal
